{
  "object": {
    "pins": [
      {
        "package": "CxDisposeBag",
        "repositoryURL": "https://github.com/CombineExtensions/CxDisposeBag.git",
        "state": {
          "branch": null,
          "revision": "08ab0e390675f359997d585540a977f52c508692",
          "version": "0.2.0"
        }
      }
    ]
  },
  "version": 1
}
